// !$*UTF8*$!
{
	archiveVersion = 1;
	classes = {
	};
	objectVersion = 56;
	objects = {

/* Begin PBXBuildFile section */
		C21C49B72DC7B3C200583000 /* AppViewModel.swift in Sources */ = {isa = PBXBuildFile; fileRef = C21C49B62DC7B3C100583000 /* AppViewModel.swift */; };
		C21C49B92DC7B42500583000 /* MainView.swift in Sources */ = {isa = PBXBuildFile; fileRef = C21C49B82DC7B42400583000 /* MainView.swift */; };
		C28C953C2BCAAE9F003CB92D /* NonlimitApp.swift in Sources */ = {isa = PBXBuildFile; fileRef = C28C953B2BCAAE9F003CB92D /* NonlimitApp.swift */; };
		C28C95402BCAAEA1003CB92D /* Assets.xcassets in Resources */ = {isa = PBXBuildFile; fileRef = C28C953F2BCAAEA1003CB92D /* Assets.xcassets */; };
		C28C95432BCAAEA1003CB92D /* Preview Assets.xcassets in Resources */ = {isa = PBXBuildFile; fileRef = C28C95422BCAAEA1003CB92D /* Preview Assets.xcassets */; };
		C28C954A2BCAAF1C003CB92D /* SplashView.swift in Sources */ = {isa = PBXBuildFile; fileRef = C28C95492BCAAF1C003CB92D /* SplashView.swift */; };
		C28C954C2BCAAF81003CB92D /* CardListView.swift in Sources */ = {isa = PBXBuildFile; fileRef = C28C954B2BCAAF81003CB92D /* CardListView.swift */; };
		C28C95502BCAB008003CB92D /* ResultView.swift in Sources */ = {isa = PBXBuildFile; fileRef = C28C954F2BCAB008003CB92D /* ResultView.swift */; };
		C28C95522BCAB35D003CB92D /* CardDetailView.swift in Sources */ = {isa = PBXBuildFile; fileRef = C28C95512BCAB35D003CB92D /* CardDetailView.swift */; };
		C28C95592BCEAF78003CB92D /* CardDetailView2.swift in Sources */ = {isa = PBXBuildFile; fileRef = C28C95582BCEAF78003CB92D /* CardDetailView2.swift */; };
		C28C955D2BCEB165003CB92D /* CardDetailView3.swift in Sources */ = {isa = PBXBuildFile; fileRef = C28C955C2BCEB165003CB92D /* CardDetailView3.swift */; };
		C28C955F2BCEB183003CB92D /* CardDetailView4.swift in Sources */ = {isa = PBXBuildFile; fileRef = C28C955E2BCEB183003CB92D /* CardDetailView4.swift */; };
		C28C95622BCEB57E003CB92D /* ResultView2.swift in Sources */ = {isa = PBXBuildFile; fileRef = C28C95612BCEB57E003CB92D /* ResultView2.swift */; };
		C28C95642BCEB62C003CB92D /* ResultView3.swift in Sources */ = {isa = PBXBuildFile; fileRef = C28C95632BCEB62C003CB92D /* ResultView3.swift */; };
		C28C95662BCEB6D2003CB92D /* ResultView4.swift in Sources */ = {isa = PBXBuildFile; fileRef = C28C95652BCEB6D2003CB92D /* ResultView4.swift */; };
		C2D4F1412C030E3D004DDD24 /* Lottie in Frameworks */ = {isa = PBXBuildFile; productRef = C2D4F1402C030E3D004DDD24 /* Lottie */; };
		C2D4F1432C031414004DDD24 /* bgAnimation.json in Resources */ = {isa = PBXBuildFile; fileRef = C2D4F1422C031413004DDD24 /* bgAnimation.json */; };
		C2D4F1452C032063004DDD24 /* crystal.json in Resources */ = {isa = PBXBuildFile; fileRef = C2D4F1442C032062004DDD24 /* crystal.json */; };
		C2D4F1472C03229C004DDD24 /* breathAnimation.json in Resources */ = {isa = PBXBuildFile; fileRef = C2D4F1462C03229C004DDD24 /* breathAnimation.json */; };
		C2D4F1492C032330004DDD24 /* gradient.json in Resources */ = {isa = PBXBuildFile; fileRef = C2D4F1482C032330004DDD24 /* gradient.json */; };
		C2D4F14B2C037413004DDD24 /* work_result.json in Resources */ = {isa = PBXBuildFile; fileRef = C2D4F14A2C037413004DDD24 /* work_result.json */; };
		C2D4F14D2C037621004DDD24 /* work-result.json in Resources */ = {isa = PBXBuildFile; fileRef = C2D4F14C2C037621004DDD24 /* work-result.json */; };
		C2D4F14F2C037723004DDD24 /* Flow 1.json in Resources */ = {isa = PBXBuildFile; fileRef = C2D4F14E2C037722004DDD24 /* Flow 1.json */; };
		C2D4F1512C15B0E5004DDD24 /* universe.json in Resources */ = {isa = PBXBuildFile; fileRef = C2D4F1502C15B0E5004DDD24 /* universe.json */; };
/* End PBXBuildFile section */

/* Begin PBXFileReference section */
		C21C49B62DC7B3C100583000 /* AppViewModel.swift */ = {isa = PBXFileReference; lastKnownFileType = sourcecode.swift; path = AppViewModel.swift; sourceTree = "<group>"; };
		C21C49B82DC7B42400583000 /* MainView.swift */ = {isa = PBXFileReference; lastKnownFileType = sourcecode.swift; path = MainView.swift; sourceTree = "<group>"; };
		C28C95382BCAAE9F003CB92D /* Nonlimit.app */ = {isa = PBXFileReference; explicitFileType = wrapper.application; includeInIndex = 0; path = Nonlimit.app; sourceTree = BUILT_PRODUCTS_DIR; };
		C28C953B2BCAAE9F003CB92D /* NonlimitApp.swift */ = {isa = PBXFileReference; lastKnownFileType = sourcecode.swift; path = NonlimitApp.swift; sourceTree = "<group>"; };
		C28C953F2BCAAEA1003CB92D /* Assets.xcassets */ = {isa = PBXFileReference; lastKnownFileType = folder.assetcatalog; path = Assets.xcassets; sourceTree = "<group>"; };
		C28C95422BCAAEA1003CB92D /* Preview Assets.xcassets */ = {isa = PBXFileReference; lastKnownFileType = folder.assetcatalog; path = "Preview Assets.xcassets"; sourceTree = "<group>"; };
		C28C95492BCAAF1C003CB92D /* SplashView.swift */ = {isa = PBXFileReference; lastKnownFileType = sourcecode.swift; path = SplashView.swift; sourceTree = "<group>"; };
		C28C954B2BCAAF81003CB92D /* CardListView.swift */ = {isa = PBXFileReference; lastKnownFileType = sourcecode.swift; path = CardListView.swift; sourceTree = "<group>"; };
		C28C954F2BCAB008003CB92D /* ResultView.swift */ = {isa = PBXFileReference; lastKnownFileType = sourcecode.swift; path = ResultView.swift; sourceTree = "<group>"; };
		C28C95512BCAB35D003CB92D /* CardDetailView.swift */ = {isa = PBXFileReference; lastKnownFileType = sourcecode.swift; path = CardDetailView.swift; sourceTree = "<group>"; };
		C28C95582BCEAF78003CB92D /* CardDetailView2.swift */ = {isa = PBXFileReference; lastKnownFileType = sourcecode.swift; path = CardDetailView2.swift; sourceTree = "<group>"; };
		C28C955C2BCEB165003CB92D /* CardDetailView3.swift */ = {isa = PBXFileReference; lastKnownFileType = sourcecode.swift; path = CardDetailView3.swift; sourceTree = "<group>"; };
		C28C955E2BCEB183003CB92D /* CardDetailView4.swift */ = {isa = PBXFileReference; lastKnownFileType = sourcecode.swift; path = CardDetailView4.swift; sourceTree = "<group>"; };
		C28C95612BCEB57E003CB92D /* ResultView2.swift */ = {isa = PBXFileReference; lastKnownFileType = sourcecode.swift; path = ResultView2.swift; sourceTree = "<group>"; };
		C28C95632BCEB62C003CB92D /* ResultView3.swift */ = {isa = PBXFileReference; lastKnownFileType = sourcecode.swift; path = ResultView3.swift; sourceTree = "<group>"; };
		C28C95652BCEB6D2003CB92D /* ResultView4.swift */ = {isa = PBXFileReference; lastKnownFileType = sourcecode.swift; path = ResultView4.swift; sourceTree = "<group>"; };
		C2D4F1422C031413004DDD24 /* bgAnimation.json */ = {isa = PBXFileReference; fileEncoding = 4; lastKnownFileType = text.json; path = bgAnimation.json; sourceTree = "<group>"; };
		C2D4F1442C032062004DDD24 /* crystal.json */ = {isa = PBXFileReference; fileEncoding = 4; lastKnownFileType = text.json; path = crystal.json; sourceTree = "<group>"; };
		C2D4F1462C03229C004DDD24 /* breathAnimation.json */ = {isa = PBXFileReference; fileEncoding = 4; lastKnownFileType = text.json; path = breathAnimation.json; sourceTree = "<group>"; };
		C2D4F1482C032330004DDD24 /* gradient.json */ = {isa = PBXFileReference; fileEncoding = 4; lastKnownFileType = text.json; path = gradient.json; sourceTree = "<group>"; };
		C2D4F14A2C037413004DDD24 /* work_result.json */ = {isa = PBXFileReference; fileEncoding = 4; lastKnownFileType = text.json; path = work_result.json; sourceTree = "<group>"; };
		C2D4F14C2C037621004DDD24 /* work-result.json */ = {isa = PBXFileReference; fileEncoding = 4; lastKnownFileType = text.json; path = "work-result.json"; sourceTree = "<group>"; };
		C2D4F14E2C037722004DDD24 /* Flow 1.json */ = {isa = PBXFileReference; fileEncoding = 4; lastKnownFileType = text.json; path = "Flow 1.json"; sourceTree = "<group>"; };
		C2D4F1502C15B0E5004DDD24 /* universe.json */ = {isa = PBXFileReference; fileEncoding = 4; lastKnownFileType = text.json; path = universe.json; sourceTree = "<group>"; };
/* End PBXFileReference section */

/* Begin PBXFrameworksBuildPhase section */
		C28C95352BCAAE9F003CB92D /* Frameworks */ = {
			isa = PBXFrameworksBuildPhase;
			buildActionMask = 2147483647;
			files = (
				C2D4F1412C030E3D004DDD24 /* Lottie in Frameworks */,
			);
			runOnlyForDeploymentPostprocessing = 0;
		};
/* End PBXFrameworksBuildPhase section */

/* Begin PBXGroup section */
		C28C952F2BCAAE9F003CB92D = {
			isa = PBXGroup;
			children = (
				C28C953A2BCAAE9F003CB92D /* Nonlimit */,
				C28C953F2BCAAEA1003CB92D /* Assets.xcassets */,
				C2D4F1442C032062004DDD24 /* crystal.json */,
				C2D4F1462C03229C004DDD24 /* breathAnimation.json */,
				C2D4F1482C032330004DDD24 /* gradient.json */,
				C2D4F1422C031413004DDD24 /* bgAnimation.json */,
				C2D4F14A2C037413004DDD24 /* work_result.json */,
				C2D4F14C2C037621004DDD24 /* work-result.json */,
				C2D4F14E2C037722004DDD24 /* Flow 1.json */,
				C2D4F1502C15B0E5004DDD24 /* universe.json */,
				C28C95392BCAAE9F003CB92D /* Products */,
			);
			sourceTree = "<group>";
		};
		C28C95392BCAAE9F003CB92D /* Products */ = {
			isa = PBXGroup;
			children = (
				C28C95382BCAAE9F003CB92D /* Nonlimit.app */,
			);
			name = Products;
			sourceTree = "<group>";
		};
		C28C953A2BCAAE9F003CB92D /* Nonlimit */ = {
			isa = PBXGroup;
			children = (
				C21C49B82DC7B42400583000 /* MainView.swift */,
				C21C49B62DC7B3C100583000 /* AppViewModel.swift */,
				C28C953B2BCAAE9F003CB92D /* NonlimitApp.swift */,
				C28C95492BCAAF1C003CB92D /* SplashView.swift */,
				C28C954B2BCAAF81003CB92D /* CardListView.swift */,
				C28C95602BCEB50E003CB92D /* PickCardView */,
				C28C95672BCEB6FC003CB92D /* Result */,
				C28C95412BCAAEA1003CB92D /* Preview Content */,
			);
			path = Nonlimit;
			sourceTree = "<group>";
		};
		C28C95412BCAAEA1003CB92D /* Preview Content */ = {
			isa = PBXGroup;
			children = (
				C28C95422BCAAEA1003CB92D /* Preview Assets.xcassets */,
			);
			path = "Preview Content";
			sourceTree = "<group>";
		};
		C28C95602BCEB50E003CB92D /* PickCardView */ = {
			isa = PBXGroup;
			children = (
				C28C95512BCAB35D003CB92D /* CardDetailView.swift */,
				C28C95582BCEAF78003CB92D /* CardDetailView2.swift */,
				C28C955C2BCEB165003CB92D /* CardDetailView3.swift */,
				C28C955E2BCEB183003CB92D /* CardDetailView4.swift */,
			);
			path = PickCardView;
			sourceTree = "<group>";
		};
		C28C95672BCEB6FC003CB92D /* Result */ = {
			isa = PBXGroup;
			children = (
				C28C954F2BCAB008003CB92D /* ResultView.swift */,
				C28C95612BCEB57E003CB92D /* ResultView2.swift */,
				C28C95632BCEB62C003CB92D /* ResultView3.swift */,
				C28C95652BCEB6D2003CB92D /* ResultView4.swift */,
			);
			path = Result;
			sourceTree = "<group>";
		};
/* End PBXGroup section */

/* Begin PBXNativeTarget section */
		C28C95372BCAAE9F003CB92D /* Nonlimit */ = {
			isa = PBXNativeTarget;
			buildConfigurationList = C28C95462BCAAEA1003CB92D /* Build configuration list for PBXNativeTarget "Nonlimit" */;
			buildPhases = (
				C28C95342BCAAE9F003CB92D /* Sources */,
				C28C95352BCAAE9F003CB92D /* Frameworks */,
				C28C95362BCAAE9F003CB92D /* Resources */,
			);
			buildRules = (
			);
			dependencies = (
			);
			name = Nonlimit;
			packageProductDependencies = (
				C2D4F1402C030E3D004DDD24 /* Lottie */,
			);
			productName = Nonlimit;
			productReference = C28C95382BCAAE9F003CB92D /* Nonlimit.app */;
			productType = "com.apple.product-type.application";
		};
/* End PBXNativeTarget section */

/* Begin PBXProject section */
		C28C95302BCAAE9F003CB92D /* Project object */ = {
			isa = PBXProject;
			attributes = {
				BuildIndependentTargetsInParallel = 1;
				LastSwiftUpdateCheck = 1500;
				LastUpgradeCheck = 1500;
				TargetAttributes = {
					C28C95372BCAAE9F003CB92D = {
						CreatedOnToolsVersion = 15.0.1;
					};
				};
			};
			buildConfigurationList = C28C95332BCAAE9F003CB92D /* Build configuration list for PBXProject "Nonlimit" */;
			compatibilityVersion = "Xcode 14.0";
			developmentRegion = en;
			hasScannedForEncodings = 0;
			knownRegions = (
				en,
				Base,
			);
			mainGroup = C28C952F2BCAAE9F003CB92D;
			packageReferences = (
				C2D4F13F2C030E3D004DDD24 /* XCRemoteSwiftPackageReference "lottie-ios" */,
			);
			productRefGroup = C28C95392BCAAE9F003CB92D /* Products */;
			projectDirPath = "";
			projectRoot = "";
			targets = (
				C28C95372BCAAE9F003CB92D /* Nonlimit */,
			);
		};
/* End PBXProject section */

/* Begin PBXResourcesBuildPhase section */
		C28C95362BCAAE9F003CB92D /* Resources */ = {
			isa = PBXResourcesBuildPhase;
			buildActionMask = 2147483647;
			files = (
				C2D4F1512C15B0E5004DDD24 /* universe.json in Resources */,
				C2D4F14B2C037413004DDD24 /* work_result.json in Resources */,
				C28C95432BCAAEA1003CB92D /* Preview Assets.xcassets in Resources */,
				C2D4F14F2C037723004DDD24 /* Flow 1.json in Resources */,
				C28C95402BCAAEA1003CB92D /* Assets.xcassets in Resources */,
				C2D4F1492C032330004DDD24 /* gradient.json in Resources */,
				C2D4F1472C03229C004DDD24 /* breathAnimation.json in Resources */,
				C2D4F1452C032063004DDD24 /* crystal.json in Resources */,
				C2D4F1432C031414004DDD24 /* bgAnimation.json in Resources */,
				C2D4F14D2C037621004DDD24 /* work-result.json in Resources */,
			);
			runOnlyForDeploymentPostprocessing = 0;
		};
/* End PBXResourcesBuildPhase section */

/* Begin PBXSourcesBuildPhase section */
		C28C95342BCAAE9F003CB92D /* Sources */ = {
			isa = PBXSourcesBuildPhase;
			buildActionMask = 2147483647;
			files = (
				C28C953C2BCAAE9F003CB92D /* NonlimitApp.swift in Sources */,
				C21C49B92DC7B42500583000 /* MainView.swift in Sources */,
				C28C95622BCEB57E003CB92D /* ResultView2.swift in Sources */,
				C21C49B72DC7B3C200583000 /* AppViewModel.swift in Sources */,
				C28C95502BCAB008003CB92D /* ResultView.swift in Sources */,
				C28C95522BCAB35D003CB92D /* CardDetailView.swift in Sources */,
				C28C95662BCEB6D2003CB92D /* ResultView4.swift in Sources */,
				C28C954C2BCAAF81003CB92D /* CardListView.swift in Sources */,
				C28C95642BCEB62C003CB92D /* ResultView3.swift in Sources */,
				C28C955F2BCEB183003CB92D /* CardDetailView4.swift in Sources */,
				C28C955D2BCEB165003CB92D /* CardDetailView3.swift in Sources */,
				C28C95592BCEAF78003CB92D /* CardDetailView2.swift in Sources */,
				C28C954A2BCAAF1C003CB92D /* SplashView.swift in Sources */,
			);
			runOnlyForDeploymentPostprocessing = 0;
		};
/* End PBXSourcesBuildPhase section */

/* Begin XCBuildConfiguration section */
		C28C95442BCAAEA1003CB92D /* Debug */ = {
			isa = XCBuildConfiguration;
			buildSettings = {
				ALWAYS_SEARCH_USER_PATHS = NO;
				ASSETCATALOG_COMPILER_GENERATE_SWIFT_ASSET_SYMBOL_EXTENSIONS = YES;
				CLANG_ANALYZER_NONNULL = YES;
				CLANG_ANALYZER_NUMBER_OBJECT_CONVERSION = YES_AGGRESSIVE;
				CLANG_CXX_LANGUAGE_STANDARD = "gnu++20";
				CLANG_ENABLE_MODULES = YES;
				CLANG_ENABLE_OBJC_ARC = YES;
				CLANG_ENABLE_OBJC_WEAK = YES;
				CLANG_WARN_BLOCK_CAPTURE_AUTORELEASING = YES;
				CLANG_WARN_BOOL_CONVERSION = YES;
				CLANG_WARN_COMMA = YES;
				CLANG_WARN_CONSTANT_CONVERSION = YES;
				CLANG_WARN_DEPRECATED_OBJC_IMPLEMENTATIONS = YES;
				CLANG_WARN_DIRECT_OBJC_ISA_USAGE = YES_ERROR;
				CLANG_WARN_DOCUMENTATION_COMMENTS = YES;
				CLANG_WARN_EMPTY_BODY = YES;
				CLANG_WARN_ENUM_CONVERSION = YES;
				CLANG_WARN_INFINITE_RECURSION = YES;
				CLANG_WARN_INT_CONVERSION = YES;
				CLANG_WARN_NON_LITERAL_NULL_CONVERSION = YES;
				CLANG_WARN_OBJC_IMPLICIT_RETAIN_SELF = YES;
				CLANG_WARN_OBJC_LITERAL_CONVERSION = YES;
				CLANG_WARN_OBJC_ROOT_CLASS = YES_ERROR;
				CLANG_WARN_QUOTED_INCLUDE_IN_FRAMEWORK_HEADER = YES;
				CLANG_WARN_RANGE_LOOP_ANALYSIS = YES;
				CLANG_WARN_STRICT_PROTOTYPES = YES;
				CLANG_WARN_SUSPICIOUS_MOVE = YES;
				CLANG_WARN_UNGUARDED_AVAILABILITY = YES_AGGRESSIVE;
				CLANG_WARN_UNREACHABLE_CODE = YES;
				CLANG_WARN__DUPLICATE_METHOD_MATCH = YES;
				COPY_PHASE_STRIP = NO;
				DEBUG_INFORMATION_FORMAT = dwarf;
				ENABLE_STRICT_OBJC_MSGSEND = YES;
				ENABLE_TESTABILITY = YES;
				ENABLE_USER_SCRIPT_SANDBOXING = YES;
				GCC_C_LANGUAGE_STANDARD = gnu17;
				GCC_DYNAMIC_NO_PIC = NO;
				GCC_NO_COMMON_BLOCKS = YES;
				GCC_OPTIMIZATION_LEVEL = 0;
				GCC_PREPROCESSOR_DEFINITIONS = (
					"DEBUG=1",
					"$(inherited)",
				);
				GCC_WARN_64_TO_32_BIT_CONVERSION = YES;
				GCC_WARN_ABOUT_RETURN_TYPE = YES_ERROR;
				GCC_WARN_UNDECLARED_SELECTOR = YES;
				GCC_WARN_UNINITIALIZED_AUTOS = YES_AGGRESSIVE;
				GCC_WARN_UNUSED_FUNCTION = YES;
				GCC_WARN_UNUSED_VARIABLE = YES;
				IPHONEOS_DEPLOYMENT_TARGET = 17.0;
				LOCALIZATION_PREFERS_STRING_CATALOGS = YES;
				MTL_ENABLE_DEBUG_INFO = INCLUDE_SOURCE;
				MTL_FAST_MATH = YES;
				ONLY_ACTIVE_ARCH = YES;
				SDKROOT = iphoneos;
				SWIFT_ACTIVE_COMPILATION_CONDITIONS = "DEBUG $(inherited)";
				SWIFT_OPTIMIZATION_LEVEL = "-Onone";
			};
			name = Debug;
		};
		C28C95452BCAAEA1003CB92D /* Release */ = {
			isa = XCBuildConfiguration;
			buildSettings = {
				ALWAYS_SEARCH_USER_PATHS = NO;
				ASSETCATALOG_COMPILER_GENERATE_SWIFT_ASSET_SYMBOL_EXTENSIONS = YES;
				CLANG_ANALYZER_NONNULL = YES;
				CLANG_ANALYZER_NUMBER_OBJECT_CONVERSION = YES_AGGRESSIVE;
				CLANG_CXX_LANGUAGE_STANDARD = "gnu++20";
				CLANG_ENABLE_MODULES = YES;
				CLANG_ENABLE_OBJC_ARC = YES;
				CLANG_ENABLE_OBJC_WEAK = YES;
				CLANG_WARN_BLOCK_CAPTURE_AUTORELEASING = YES;
				CLANG_WARN_BOOL_CONVERSION = YES;
				CLANG_WARN_COMMA = YES;
				CLANG_WARN_CONSTANT_CONVERSION = YES;
				CLANG_WARN_DEPRECATED_OBJC_IMPLEMENTATIONS = YES;
				CLANG_WARN_DIRECT_OBJC_ISA_USAGE = YES_ERROR;
				CLANG_WARN_DOCUMENTATION_COMMENTS = YES;
				CLANG_WARN_EMPTY_BODY = YES;
				CLANG_WARN_ENUM_CONVERSION = YES;
				CLANG_WARN_INFINITE_RECURSION = YES;
				CLANG_WARN_INT_CONVERSION = YES;
				CLANG_WARN_NON_LITERAL_NULL_CONVERSION = YES;
				CLANG_WARN_OBJC_IMPLICIT_RETAIN_SELF = YES;
				CLANG_WARN_OBJC_LITERAL_CONVERSION = YES;
				CLANG_WARN_OBJC_ROOT_CLASS = YES_ERROR;
				CLANG_WARN_QUOTED_INCLUDE_IN_FRAMEWORK_HEADER = YES;
				CLANG_WARN_RANGE_LOOP_ANALYSIS = YES;
				CLANG_WARN_STRICT_PROTOTYPES = YES;
				CLANG_WARN_SUSPICIOUS_MOVE = YES;
				CLANG_WARN_UNGUARDED_AVAILABILITY = YES_AGGRESSIVE;
				CLANG_WARN_UNREACHABLE_CODE = YES;
				CLANG_WARN__DUPLICATE_METHOD_MATCH = YES;
				COPY_PHASE_STRIP = NO;
				DEBUG_INFORMATION_FORMAT = "dwarf-with-dsym";
				ENABLE_NS_ASSERTIONS = NO;
				ENABLE_STRICT_OBJC_MSGSEND = YES;
				ENABLE_USER_SCRIPT_SANDBOXING = YES;
				GCC_C_LANGUAGE_STANDARD = gnu17;
				GCC_NO_COMMON_BLOCKS = YES;
				GCC_WARN_64_TO_32_BIT_CONVERSION = YES;
				GCC_WARN_ABOUT_RETURN_TYPE = YES_ERROR;
				GCC_WARN_UNDECLARED_SELECTOR = YES;
				GCC_WARN_UNINITIALIZED_AUTOS = YES_AGGRESSIVE;
				GCC_WARN_UNUSED_FUNCTION = YES;
				GCC_WARN_UNUSED_VARIABLE = YES;
				IPHONEOS_DEPLOYMENT_TARGET = 17.0;
				LOCALIZATION_PREFERS_STRING_CATALOGS = YES;
				MTL_ENABLE_DEBUG_INFO = NO;
				MTL_FAST_MATH = YES;
				SDKROOT = iphoneos;
				SWIFT_COMPILATION_MODE = wholemodule;
				VALIDATE_PRODUCT = YES;
			};
			name = Release;
		};
		C28C95472BCAAEA1003CB92D /* Debug */ = {
			isa = XCBuildConfiguration;
			buildSettings = {
				ASSETCATALOG_COMPILER_APPICON_NAME = AppIcon;
				ASSETCATALOG_COMPILER_GLOBAL_ACCENT_COLOR_NAME = AccentColor;
				CODE_SIGN_STYLE = Automatic;
				CURRENT_PROJECT_VERSION = 1;
				DEVELOPMENT_ASSET_PATHS = "\"Nonlimit/Preview Content\"";
				DEVELOPMENT_TEAM = FC7BJ52G9K;
				ENABLE_PREVIEWS = YES;
				GENERATE_INFOPLIST_FILE = YES;
				INFOPLIST_KEY_UIApplicationSceneManifest_Generation = YES;
				INFOPLIST_KEY_UIApplicationSupportsIndirectInputEvents = YES;
				INFOPLIST_KEY_UILaunchScreen_Generation = YES;
				INFOPLIST_KEY_UILaunchStoryboardName = "Launch Screen.storyboard";
				INFOPLIST_KEY_UISupportedInterfaceOrientations_iPad = "UIInterfaceOrientationPortrait UIInterfaceOrientationPortraitUpsideDown UIInterfaceOrientationLandscapeLeft UIInterfaceOrientationLandscapeRight";
				INFOPLIST_KEY_UISupportedInterfaceOrientations_iPhone = "UIInterfaceOrientationPortrait UIInterfaceOrientationLandscapeLeft UIInterfaceOrientationLandscapeRight";
				LD_RUNPATH_SEARCH_PATHS = (
					"$(inherited)",
					"@executable_path/Frameworks",
				);
				MARKETING_VERSION = 1.0;
				PRODUCT_BUNDLE_IDENTIFIER = com.daisyyang.Nonlimit;
				PRODUCT_NAME = "$(TARGET_NAME)";
				SWIFT_EMIT_LOC_STRINGS = YES;
				SWIFT_VERSION = 5.0;
				TARGETED_DEVICE_FAMILY = "1,2";
			};
			name = Debug;
		};
		C28C95482BCAAEA1003CB92D /* Release */ = {
			isa = XCBuildConfiguration;
			buildSettings = {
				ASSETCATALOG_COMPILER_APPICON_NAME = AppIcon;
				ASSETCATALOG_COMPILER_GLOBAL_ACCENT_COLOR_NAME = AccentColor;
				CODE_SIGN_STYLE = Automatic;
				CURRENT_PROJECT_VERSION = 1;
				DEVELOPMENT_ASSET_PATHS = "\"Nonlimit/Preview Content\"";
				DEVELOPMENT_TEAM = FC7BJ52G9K;
				ENABLE_PREVIEWS = YES;
				GENERATE_INFOPLIST_FILE = YES;
				INFOPLIST_KEY_UIApplicationSceneManifest_Generation = YES;
				INFOPLIST_KEY_UIApplicationSupportsIndirectInputEvents = YES;
				INFOPLIST_KEY_UILaunchScreen_Generation = YES;
				INFOPLIST_KEY_UILaunchStoryboardName = "Launch Screen.storyboard";
				INFOPLIST_KEY_UISupportedInterfaceOrientations_iPad = "UIInterfaceOrientationPortrait UIInterfaceOrientationPortraitUpsideDown UIInterfaceOrientationLandscapeLeft UIInterfaceOrientationLandscapeRight";
				INFOPLIST_KEY_UISupportedInterfaceOrientations_iPhone = "UIInterfaceOrientationPortrait UIInterfaceOrientationLandscapeLeft UIInterfaceOrientationLandscapeRight";
				LD_RUNPATH_SEARCH_PATHS = (
					"$(inherited)",
					"@executable_path/Frameworks",
				);
				MARKETING_VERSION = 1.0;
				PRODUCT_BUNDLE_IDENTIFIER = com.daisyyang.Nonlimit;
				PRODUCT_NAME = "$(TARGET_NAME)";
				SWIFT_EMIT_LOC_STRINGS = YES;
				SWIFT_VERSION = 5.0;
				TARGETED_DEVICE_FAMILY = "1,2";
			};
			name = Release;
		};
/* End XCBuildConfiguration section */

/* Begin XCConfigurationList section */
		C28C95332BCAAE9F003CB92D /* Build configuration list for PBXProject "Nonlimit" */ = {
			isa = XCConfigurationList;
			buildConfigurations = (
				C28C95442BCAAEA1003CB92D /* Debug */,
				C28C95452BCAAEA1003CB92D /* Release */,
			);
			defaultConfigurationIsVisible = 0;
			defaultConfigurationName = Release;
		};
		C28C95462BCAAEA1003CB92D /* Build configuration list for PBXNativeTarget "Nonlimit" */ = {
			isa = XCConfigurationList;
			buildConfigurations = (
				C28C95472BCAAEA1003CB92D /* Debug */,
				C28C95482BCAAEA1003CB92D /* Release */,
			);
			defaultConfigurationIsVisible = 0;
			defaultConfigurationName = Release;
		};
/* End XCConfigurationList section */

/* Begin XCRemoteSwiftPackageReference section */
		C2D4F13F2C030E3D004DDD24 /* XCRemoteSwiftPackageReference "lottie-ios" */ = {
			isa = XCRemoteSwiftPackageReference;
			repositoryURL = "https://github.com/airbnb/lottie-ios.git";
			requirement = {
				kind = upToNextMajorVersion;
				minimumVersion = 4.4.3;
			};
		};
/* End XCRemoteSwiftPackageReference section */

/* Begin XCSwiftPackageProductDependency section */
		C2D4F1402C030E3D004DDD24 /* Lottie */ = {
			isa = XCSwiftPackageProductDependency;
			package = C2D4F13F2C030E3D004DDD24 /* XCRemoteSwiftPackageReference "lottie-ios" */;
			productName = Lottie;
		};
/* End XCSwiftPackageProductDependency section */
	};
	rootObject = C28C95302BCAAE9F003CB92D /* Project object */;
}
